<?xml version="1.0" encoding="utf-8"?>
<Project ToolsVersion="4.0" xmlns="http://schemas.microsoft.com/developer/msbuild/2003">
  <ItemGroup>
    <Filter Include="Source Files">
      <UniqueIdentifier>{41bca65e-3555-4774-8a35-fd59f6af8b3c}</UniqueIdentifier>
    </Filter>
    <Filter Include="Generated Files">
      <UniqueIdentifier>{4070d6b3-bb6b-4ac3-96e5-dfe4ee28dea3}</UniqueIdentifier>
      <SourceControlFiles>False</SourceControlFiles>
    </Filter>
  </ItemGroup>
  <ItemGroup>
    <None Include="ATLProject1ps.def" />
  </ItemGroup>
  <ItemGroup>
    <ClCompile Include="ATLProject1_i.c">
      <Filter>Generated Files</Filter>
    </ClCompile>
    <ClCompile Include="ATLProject1_p.c">
      <Filter>Generated Files</Filter>
    </ClCompile>
    <ClCompile Include="dlldata.c">
      <Filter>Generated Files</Filter>
    </ClCompile>
  </ItemGroup>
</Project>